
Microsoft Visual Studio Solution File, Format Version 12.00
# Visual Studio Version 16
VisualStudioVersion = 16.0.31702.278
MinimumVisualStudioVersion = 10.0.40219.1
Project("{9A19103F-16F7-4668-BE54-9A1E7A4F7556}") = "CBTenroller", "CBTenroller.csproj", "{4FF69F30-803C-4686-997F-40998DB28916}"
EndProject
Global
	GlobalSection(SolutionConfigurationPlatforms) = preSolution
		Debug|Any CPU = Debug|Any CPU
		Release|Any CPU = Release|Any CPU
	EndGlobalSection
	GlobalSection(ProjectConfigurationPlatforms) = postSolution
		{4FF69F30-803C-4686-997F-40998DB28916}.Debug|Any CPU.ActiveCfg = Debug|Any CPU
		{4FF69F30-803C-4686-997F-40998DB28916}.Debug|Any CPU.Build.0 = Debug|Any CPU
		{4FF69F30-803C-4686-997F-40998DB28916}.Release|Any CPU.ActiveCfg = Release|Any CPU
		{4FF69F30-803C-4686-997F-40998DB28916}.Release|Any CPU.Build.0 = Release|Any CPU
	EndGlobalSection
	GlobalSection(SolutionProperties) = preSolution
		HideSolutionNode = FALSE
	EndGlobalSection
	GlobalSection(ExtensibilityGlobals) = postSolution
		SolutionGuid = {BECCC558-78AA-4C70-AF4A-921AA9B1B22D}
	EndGlobalSection
EndGlobal
